<?xml version="1.0" encoding="utf-8"?>
<Project ToolsVersion="4.0" xmlns="http://schemas.microsoft.com/developer/msbuild/2003">
  <ItemGroup>
    <Filter Include="Source Files">
      <UniqueIdentifier>{4FC737F1-C7A5-4376-A066-2A32D752A2FF}</UniqueIdentifier>
      <Extensions>cpp;c;cc;cxx;c++;cppm;ixx;def;odl;idl;hpj;bat;asm;asmx</Extensions>
    </Filter>
    <Filter Include="Header Files">
      <UniqueIdentifier>{93995380-89BD-4b04-88EB-625FBE52EBFB}</UniqueIdentifier>
      <Extensions>h;hh;hpp;hxx;h++;hm;inl;inc;ipp;xsd</Extensions>
    </Filter>
    <Filter Include="Resource Files">
      <UniqueIdentifier>{67DA6AB6-F800-4c08-8B7A-83BB121AAD01}</UniqueIdentifier>
      <Extensions>rc;ico;cur;bmp;dlg;rc2;rct;bin;rgs;gif;jpg;jpeg;jpe;resx;tiff;tif;png;wav;mfcribbon-ms</Extensions>
    </Filter>
    <Filter Include="Source Files\shaders">
      <UniqueIdentifier>{26edfafe-9109-48ec-b3ca-0120f15e155b}</UniqueIdentifier>
    </Filter>
  </ItemGroup>
  <ItemGroup>
    <ClCompile Include="main.cpp">
      <Filter>Source Files</Filter>
    </ClCompile>
    <ClCompile Include="Application.cpp">
      <Filter>Source Files</Filter>
    </ClCompile>
    <ClCompile Include="Model.cpp">
      <Filter>Source Files</Filter>
    </ClCompile>
    <ClCompile Include="AppVertexShader.cpp">
      <Filter>Source Files</Filter>
    </ClCompile>
    <ClCompile Include="AppFragmentShader.cpp">
      <Filter>Source Files</Filter>
    </ClCompile>
    <ClCompile Include="Shader.cpp">
      <Filter>Source Files</Filter>
    </ClCompile>
    <ClCompile Include="ShaderProgram.cpp">
      <Filter>Source Files</Filter>
    </ClCompile>
    <ClCompile Include="sphere.cpp">
      <Filter>Source Files</Filter>
    </ClCompile>
    <ClCompile Include="Scene.cpp">
      <Filter>Source Files</Filter>
    </ClCompile>
    <ClCompile Include="DrawableObject.cpp">
      <Filter>Source Files</Filter>
    </ClCompile>
    <ClCompile Include="Transformation.cpp">
      <Filter>Source Files</Filter>
    </ClCompile>
    <ClCompile Include="tree.cpp">
      <Filter>Source Files</Filter>
    </ClCompile>
    <ClCompile Include="bushes.cpp">
      <Filter>Source Files</Filter>
    </ClCompile>
    <ClCompile Include="gift.cpp">
      <Filter>Source Files</Filter>
    </ClCompile>
    <ClCompile Include="Camera.cpp">
      <Filter>Source Files</Filter>
    </ClCompile>
    <ClCompile Include="Controller.cpp">
      <Filter>Source Files</Filter>
    </ClCompile>
    <ClCompile Include="Observer.cpp">
      <Filter>Source Files</Filter>
    </ClCompile>
    <ClCompile Include="Subject.cpp">
      <Filter>Source Files</Filter>
    </ClCompile>
    <ClCompile Include="plain.cpp">
      <Filter>Source Files</Filter>
    </ClCompile>
    <ClCompile Include="ShaderLoader.cpp">
      <Filter>Source Files</Filter>
    </ClCompile>
    <ClCompile Include="Light.cpp">
      <Filter>Source Files</Filter>
    </ClCompile>
    <ClCompile Include="GenerateRandomPosition.cpp">
      <Filter>Source Files</Filter>
    </ClCompile>
    <ClCompile Include="EventType.cpp">
      <Filter>Source Files</Filter>
    </ClCompile>
    <ClCompile Include="SceneManager.cpp">
      <Filter>Source Files</Filter>
    </ClCompile>
    <ClCompile Include="SceneFactory.cpp">
      <Filter>Source Files</Filter>
    </ClCompile>
    <ClCompile Include="ShaderProgramManager.cpp">
      <Filter>Source Files</Filter>
    </ClCompile>
    <ClCompile Include="DirectionLight.cpp">
      <Filter>Source Files</Filter>
    </ClCompile>
    <ClCompile Include="LightDrawableObject.cpp">
      <Filter>Source Files</Filter>
    </ClCompile>
    <ClCompile Include="LightInterface.cpp">
      <Filter>Source Files</Filter>
    </ClCompile>
    <ClCompile Include="LightManager.cpp">
      <Filter>Source Files</Filter>
    </ClCompile>
    <ClCompile Include="Material.cpp">
      <Filter>Source Files</Filter>
    </ClCompile>
    <ClCompile Include="PointLight.cpp">
      <Filter>Source Files</Filter>
    </ClCompile>
    <ClCompile Include="SpotLight.cpp">
      <Filter>Source Files</Filter>
    </ClCompile>
    <ClCompile Include="Texture.cpp">
      <Filter>Source Files</Filter>
    </ClCompile>
    <ClCompile Include="TextureModel.cpp">
      <Filter>Source Files</Filter>
    </ClCompile>
    <ClCompile Include="TextureManager.cpp">
      <Filter>Source Files</Filter>
    </ClCompile>
    <ClCompile Include="SkyCubeTextureModel.cpp">
      <Filter>Source Files</Filter>
    </ClCompile>
    <ClCompile Include="TextureBase.cpp">
      <Filter>Source Files</Filter>
    </ClCompile>
    <ClCompile Include="TextureCubeMap.cpp">
      <Filter>Source Files</Filter>
    </ClCompile>
    <ClCompile Include="ModelManager.cpp">
      <Filter>Source Files</Filter>
    </ClCompile>
    <ClCompile Include="ModelBase.cpp">
      <Filter>Source Files</Filter>
    </ClCompile>
    <ClCompile Include="TriangleScene.cpp">
      <Filter>Source Files</Filter>
    </ClCompile>
    <ClCompile Include="ForestScene.cpp">
      <Filter>Source Files</Filter>
    </ClCompile>
    <ClCompile Include="ReflectorScene.cpp">
      <Filter>Source Files</Filter>
    </ClCompile>
    <ClCompile Include="FourSphereScene.cpp">
      <Filter>Source Files</Filter>
    </ClCompile>
    <ClCompile Include="DifferentSpheres.cpp">
      <Filter>Source Files</Filter>
    </ClCompile>
    <ClCompile Include="SkyCubeScene.cpp">
      <Filter>Source Files</Filter>
    </ClCompile>
    <ClCompile Include="BlenderModel.cpp">
      <Filter>Source Files</Filter>
    </ClCompile>
    <ClCompile Include="BlenderModelIntreface.cpp">
      <Filter>Source Files</Filter>
    </ClCompile>
    <ClCompile Include="BlenderModelFactory.cpp">
      <Filter>Source Files</Filter>
    </ClCompile>
    <ClCompile Include="BlenderModelFactoryInterface.cpp">
      <Filter>Source Files</Filter>
    </ClCompile>
    <ClCompile Include="LightForestScene.cpp">
      <Filter>Source Files</Filter>
    </ClCompile>
    <ClCompile Include="BezierData.cpp">
      <Filter>Header Files</Filter>
    </ClCompile>
  </ItemGroup>
  <ItemGroup>
    <ClInclude Include="Application.h">
      <Filter>Header Files</Filter>
    </ClInclude>
    <ClInclude Include="Models.h">
      <Filter>Header Files</Filter>
    </ClInclude>
    <ClInclude Include="AppVertexShader.h">
      <Filter>Header Files</Filter>
    </ClInclude>
    <ClInclude Include="AppFragmentShader.h">
      <Filter>Header Files</Filter>
    </ClInclude>
    <ClInclude Include="Shader.h">
      <Filter>Header Files</Filter>
    </ClInclude>
    <ClInclude Include="ShaderProgram.h">
      <Filter>Header Files</Filter>
    </ClInclude>
    <ClInclude Include="sphere.h">
      <Filter>Header Files</Filter>
    </ClInclude>
    <ClInclude Include="Scene.h">
      <Filter>Header Files</Filter>
    </ClInclude>
    <ClInclude Include="DrawableObject.h">
      <Filter>Header Files</Filter>
    </ClInclude>
    <ClInclude Include="Transformation.h">
      <Filter>Header Files</Filter>
    </ClInclude>
    <ClInclude Include="tree.h">
      <Filter>Header Files</Filter>
    </ClInclude>
    <ClInclude Include="bushes.h">
      <Filter>Header Files</Filter>
    </ClInclude>
    <ClInclude Include="gift.h">
      <Filter>Header Files</Filter>
    </ClInclude>
    <ClInclude Include="Camera.h">
      <Filter>Header Files</Filter>
    </ClInclude>
    <ClInclude Include="Controller.h">
      <Filter>Header Files</Filter>
    </ClInclude>
    <ClInclude Include="Observer.h">
      <Filter>Header Files</Filter>
    </ClInclude>
    <ClInclude Include="Subject.h">
      <Filter>Header Files</Filter>
    </ClInclude>
    <ClInclude Include="plain.h">
      <Filter>Header Files</Filter>
    </ClInclude>
    <ClInclude Include="ShaderLoader.h">
      <Filter>Header Files</Filter>
    </ClInclude>
    <ClInclude Include="Light.h">
      <Filter>Header Files</Filter>
    </ClInclude>
    <ClInclude Include="GenerateRandomPosition.h">
      <Filter>Header Files</Filter>
    </ClInclude>
    <ClInclude Include="all_created_shaders.glsl">
      <Filter>Header Files</Filter>
    </ClInclude>
    <ClInclude Include="EventType.h">
      <Filter>Header Files</Filter>
    </ClInclude>
    <ClInclude Include="SceneManager.h">
      <Filter>Header Files</Filter>
    </ClInclude>
    <ClInclude Include="SceneFactory.h">
      <Filter>Header Files</Filter>
    </ClInclude>
    <ClInclude Include="triangle.h">
      <Filter>Header Files</Filter>
    </ClInclude>
    <ClInclude Include="ShaderProgramFactory.h">
      <Filter>Header Files</Filter>
    </ClInclude>
    <ClInclude Include="ShaderProgramManager.h">
      <Filter>Header Files</Filter>
    </ClInclude>
    <ClInclude Include="DirectionLight.h">
      <Filter>Header Files</Filter>
    </ClInclude>
    <ClInclude Include="LightDrawableObject.h">
      <Filter>Header Files</Filter>
    </ClInclude>
    <ClInclude Include="LightInterface.h">
      <Filter>Header Files</Filter>
    </ClInclude>
    <ClInclude Include="LightManager.h">
      <Filter>Header Files</Filter>
    </ClInclude>
    <ClInclude Include="Material.h">
      <Filter>Header Files</Filter>
    </ClInclude>
    <ClInclude Include="PointLight.h">
      <Filter>Header Files</Filter>
    </ClInclude>
    <ClInclude Include="SpotLight.h">
      <Filter>Header Files</Filter>
    </ClInclude>
    <ClInclude Include="Texture.h">
      <Filter>Header Files</Filter>
    </ClInclude>
    <ClInclude Include="TextureModel.h">
      <Filter>Header Files</Filter>
    </ClInclude>
    <ClInclude Include="TextureManager.h">
      <Filter>Header Files</Filter>
    </ClInclude>
    <ClInclude Include="plain_texture.h">
      <Filter>Header Files</Filter>
    </ClInclude>
    <ClInclude Include="SkyCubeTextureModel.h">
      <Filter>Header Files</Filter>
    </ClInclude>
    <ClInclude Include="ModelEnums.h">
      <Filter>Header Files</Filter>
    </ClInclude>
    <ClInclude Include="TextureBase.h">
      <Filter>Header Files</Filter>
    </ClInclude>
    <ClInclude Include="TextureCubeMap.h">
      <Filter>Header Files</Filter>
    </ClInclude>
    <ClInclude Include="skycube.h">
      <Filter>Header Files</Filter>
    </ClInclude>
    <ClInclude Include="ModelManager.h">
      <Filter>Header Files</Filter>
    </ClInclude>
    <ClInclude Include="ModelBase.h">
      <Filter>Header Files</Filter>
    </ClInclude>
    <ClInclude Include="TriangleScene.h">
      <Filter>Header Files</Filter>
    </ClInclude>
    <ClInclude Include="ForestScene.h">
      <Filter>Header Files</Filter>
    </ClInclude>
    <ClInclude Include="ReflectorScene.h">
      <Filter>Header Files</Filter>
    </ClInclude>
    <ClInclude Include="FourSphereScene.h">
      <Filter>Header Files</Filter>
    </ClInclude>
    <ClInclude Include="DifferentSpheres.h">
      <Filter>Header Files</Filter>
    </ClInclude>
    <ClInclude Include="SkyCubeScene.h">
      <Filter>Header Files</Filter>
    </ClInclude>
    <ClInclude Include="BlenderModel.h">
      <Filter>Header Files</Filter>
    </ClInclude>
    <ClInclude Include="BlenderModelIntreface.h">
      <Filter>Header Files</Filter>
    </ClInclude>
    <ClInclude Include="BlenderModelFactory.h">
      <Filter>Header Files</Filter>
    </ClInclude>
    <ClInclude Include="BlenderModelFactoryInterface.h">
      <Filter>Header Files</Filter>
    </ClInclude>
    <ClInclude Include="LightForestScene.h">
      <Filter>Header Files</Filter>
    </ClInclude>
    <ClInclude Include="CommandsEnum.h">
      <Filter>Header Files</Filter>
    </ClInclude>
    <ClInclude Include="BezierData.h">
      <Filter>Header Files</Filter>
    </ClInclude>
    <ClInclude Include="InputController.h">
      <Filter>Header Files</Filter>
    </ClInclude>
  </ItemGroup>
  <ItemGroup>
    <None Include="fragment_shader_lambert.glsl">
      <Filter>Header Files</Filter>
    </None>
    <None Include="vertex_shader_lambert.glsl">
      <Filter>Header Files</Filter>
    </None>
    <None Include="fragment_shader_phong.glsl">
      <Filter>Header Files</Filter>
    </None>
    <None Include="vertex_shader_phong.glsl">
      <Filter>Header Files</Filter>
    </None>
    <None Include="fragment_shader_blinn.glsl">
      <Filter>Header Files</Filter>
    </None>
    <None Include="vertex_shader_blinn.glsl">
      <Filter>Header Files</Filter>
    </None>
    <None Include="fragment_shader_constant.glsl">
      <Filter>Header Files</Filter>
    </None>
    <None Include="vertex_shader_constant.glsl">
      <Filter>Header Files</Filter>
    </None>
    <None Include="fragment_shader_pink.glsl">
      <Filter>Header Files</Filter>
    </None>
    <None Include="vertex_shader_pink.glsl">
      <Filter>Header Files</Filter>
    </None>
    <None Include="fragment_shader_blinn_multiple_lights.glsl">
      <Filter>Header Files</Filter>
    </None>
    <None Include="fragment_shader_directional_light.glsl">
      <Filter>Header Files</Filter>
    </None>
    <None Include="fragment_shader_spotlight.glsl">
      <Filter>Header Files</Filter>
    </None>
    <None Include="fragment_texture.glsl">
      <Filter>Header Files</Filter>
    </None>
    <None Include="vertex_texture.glsl">
      <Filter>Header Files</Filter>
    </None>
    <None Include="fragment_shader_skycube.glsl">
      <Filter>Header Files</Filter>
    </None>
    <None Include="vertex_shader_skycube.glsl">
      <Filter>Header Files</Filter>
    </None>
    <None Include="fragment_shader_blender_object.glsl">
      <Filter>Header Files</Filter>
    </None>
    <None Include="vertex_shader_blender_object.glsl">
      <Filter>Header Files</Filter>
    </None>
  </ItemGroup>
  <ItemGroup>
    <Image Include="Image.png">
      <Filter>Header Files</Filter>
    </Image>
    <Image Include="Image2.png">
      <Filter>Header Files</Filter>
    </Image>
  </ItemGroup>
</Project>